
Microsoft Visual Studio Solution File, Format Version 12.00
# Visual Studio Version 16
VisualStudioVersion = 16.0.30523.141
MinimumVisualStudioVersion = 10.0.40219.1
Project("{FAE04EC0-301F-11D3-BF4B-00C04F79EFBC}") = "Multihilos2", "Multihilos2\Multihilos2.csproj", "{9F432625-1FC9-4964-BFD5-6EE6A15380B9}"
EndProject
Global
	GlobalSection(SolutionConfigurationPlatforms) = preSolution
		Debug|Any CPU = Debug|Any CPU
		Release|Any CPU = Release|Any CPU
	EndGlobalSection
	GlobalSection(ProjectConfigurationPlatforms) = postSolution
		{9F432625-1FC9-4964-BFD5-6EE6A15380B9}.Debug|Any CPU.ActiveCfg = Debug|Any CPU
		{9F432625-1FC9-4964-BFD5-6EE6A15380B9}.Debug|Any CPU.Build.0 = Debug|Any CPU
		{9F432625-1FC9-4964-BFD5-6EE6A15380B9}.Release|Any CPU.ActiveCfg = Release|Any CPU
		{9F432625-1FC9-4964-BFD5-6EE6A15380B9}.Release|Any CPU.Build.0 = Release|Any CPU
	EndGlobalSection
	GlobalSection(SolutionProperties) = preSolution
		HideSolutionNode = FALSE
	EndGlobalSection
	GlobalSection(ExtensibilityGlobals) = postSolution
		SolutionGuid = {5DB7D421-2E87-44CE-907A-975CA329A9BC}
	EndGlobalSection
EndGlobal
